
Microsoft Visual Studio Solution File, Format Version 12.00
# Visual Studio Version 16
VisualStudioVersion = 16.0.30104.148
MinimumVisualStudioVersion = 10.0.40219.1
Project("{8BC9CEB8-8B4A-11D0-8D11-00A0C91BC942}") = "RayTracer", "RayTracer\RayTracer.vcxproj", "{F4089F31-46B7-429D-B230-4E8FD2D7328E}"
EndProject
Global
	GlobalSection(SolutionConfigurationPlatforms) = preSolution
		Debug|x64 = Debug|x64
		Release|x64 = Release|x64
	EndGlobalSection
	GlobalSection(ProjectConfigurationPlatforms) = postSolution
		{F4089F31-46B7-429D-B230-4E8FD2D7328E}.Debug|x64.ActiveCfg = Debug|x64
		{F4089F31-46B7-429D-B230-4E8FD2D7328E}.Debug|x64.Build.0 = Debug|x64
		{F4089F31-46B7-429D-B230-4E8FD2D7328E}.Release|x64.ActiveCfg = Release|x64
		{F4089F31-46B7-429D-B230-4E8FD2D7328E}.Release|x64.Build.0 = Release|x64
	EndGlobalSection
	GlobalSection(SolutionProperties) = preSolution
		HideSolutionNode = FALSE
	EndGlobalSection
	GlobalSection(ExtensibilityGlobals) = postSolution
		SolutionGuid = {0A2C922A-A578-491E-86A4-4BB4B4974BC4}
	EndGlobalSection
EndGlobal
